
Microsoft Visual Studio Solution File, Format Version 12.00
# Visual Studio Version 17
VisualStudioVersion = 17.3.32804.467
MinimumVisualStudioVersion = 10.0.40219.1
Project("{9A19103F-16F7-4668-BE54-9A1E7A4F7556}") = "TopTenShop.Web", "TopTenShop\TopTenShop.Web.csproj", "{F8DB2E05-84DD-4F52-A0AC-50F42ACD15CD}"
EndProject
Project("{9A19103F-16F7-4668-BE54-9A1E7A4F7556}") = "TopTenShop.DataLayer", "TopTenShop.DataLayer\TopTenShop.DataLayer.csproj", "{830BEA5F-9D5E-417F-B78E-F5B7625FD239}"
EndProject
Project("{9A19103F-16F7-4668-BE54-9A1E7A4F7556}") = "TopTenShop.Core", "TopTenShop.Core\TopTenShop.Core.csproj", "{DB92F283-EB97-4F00-A5EB-12EE2CDBA9E3}"
EndProject
Global
	GlobalSection(SolutionConfigurationPlatforms) = preSolution
		Debug|Any CPU = Debug|Any CPU
		Release|Any CPU = Release|Any CPU
	EndGlobalSection
	GlobalSection(ProjectConfigurationPlatforms) = postSolution
		{F8DB2E05-84DD-4F52-A0AC-50F42ACD15CD}.Debug|Any CPU.ActiveCfg = Debug|Any CPU
		{F8DB2E05-84DD-4F52-A0AC-50F42ACD15CD}.Debug|Any CPU.Build.0 = Debug|Any CPU
		{F8DB2E05-84DD-4F52-A0AC-50F42ACD15CD}.Release|Any CPU.ActiveCfg = Release|Any CPU
		{F8DB2E05-84DD-4F52-A0AC-50F42ACD15CD}.Release|Any CPU.Build.0 = Release|Any CPU
		{830BEA5F-9D5E-417F-B78E-F5B7625FD239}.Debug|Any CPU.ActiveCfg = Debug|Any CPU
		{830BEA5F-9D5E-417F-B78E-F5B7625FD239}.Debug|Any CPU.Build.0 = Debug|Any CPU
		{830BEA5F-9D5E-417F-B78E-F5B7625FD239}.Release|Any CPU.ActiveCfg = Release|Any CPU
		{830BEA5F-9D5E-417F-B78E-F5B7625FD239}.Release|Any CPU.Build.0 = Release|Any CPU
		{DB92F283-EB97-4F00-A5EB-12EE2CDBA9E3}.Debug|Any CPU.ActiveCfg = Debug|Any CPU
		{DB92F283-EB97-4F00-A5EB-12EE2CDBA9E3}.Debug|Any CPU.Build.0 = Debug|Any CPU
		{DB92F283-EB97-4F00-A5EB-12EE2CDBA9E3}.Release|Any CPU.ActiveCfg = Release|Any CPU
		{DB92F283-EB97-4F00-A5EB-12EE2CDBA9E3}.Release|Any CPU.Build.0 = Release|Any CPU
	EndGlobalSection
	GlobalSection(SolutionProperties) = preSolution
		HideSolutionNode = FALSE
	EndGlobalSection
	GlobalSection(ExtensibilityGlobals) = postSolution
		SolutionGuid = {716B5B9B-EBCE-4075-A062-EB767D2D4F9D}
	EndGlobalSection
EndGlobal
